{
    "name": "qrcode_tool",
    "lockfileVersion": 3,
    "requires": true,
    "packages": {
        "": {
            "dependencies": {
                "prettier": "^2.8.7",
                "qrcodejs": "^1.0.0"
            }
        },
        "node_modules/prettier": {
            "version": "2.8.7",
            "resolved": "https://registry.npmjs.org/prettier/-/prettier-2.8.7.tgz",
            "integrity": "sha512-yPngTo3aXUUmyuTjeTUT75txrf+aMh9FiD7q9ZE/i6r0bPb22g4FsE6Y338PQX1bmfy08i9QQCB7/rcUAVntfw==",
            "bin": {
                "prettier": "bin-prettier.js"
            },
            "engines": {
                "node": ">=10.13.0"
            },
            "funding": {
                "url": "https://github.com/prettier/prettier?sponsor=1"
            }
        },
        "node_modules/qrcodejs": {
            "version": "1.0.0",
            "resolved": "https://registry.npmjs.org/qrcodejs/-/qrcodejs-1.0.0.tgz",
            "integrity": "sha512-67rj3mMBhSBepaD57qENnltO+r8rSYlqM7HGThks/BiyDAkc86sLvkKqjkqPS5v13f7tvnt6dbEf3qt7zq+BCg=="
        }
    }
}
